// !$*UTF8*$!
{
	archiveVersion = 1;
	classes = {
	};
	objectVersion = 55;
	objects = {

/* Begin PBXBuildFile section */
		4B3E0F3026796A790010F573 /* danshouApp.swift in Sources */ = {isa = PBXBuildFile; fileRef = 4B3E0F1F26796A780010F573 /* danshouApp.swift */; };
		4B3E0F3126796A790010F573 /* danshouApp.swift in Sources */ = {isa = PBXBuildFile; fileRef = 4B3E0F1F26796A780010F573 /* danshouApp.swift */; };
		4B3E0F3226796A790010F573 /* ContentView.swift in Sources */ = {isa = PBXBuildFile; fileRef = 4B3E0F2026796A780010F573 /* ContentView.swift */; };
		4B3E0F3326796A790010F573 /* ContentView.swift in Sources */ = {isa = PBXBuildFile; fileRef = 4B3E0F2026796A780010F573 /* ContentView.swift */; };
		4B3E0F3426796A790010F573 /* Persistence.swift in Sources */ = {isa = PBXBuildFile; fileRef = 4B3E0F2126796A780010F573 /* Persistence.swift */; };
		4B3E0F3526796A790010F573 /* Persistence.swift in Sources */ = {isa = PBXBuildFile; fileRef = 4B3E0F2126796A780010F573 /* Persistence.swift */; };
		4B3E0F3626796A790010F573 /* Assets.xcassets in Resources */ = {isa = PBXBuildFile; fileRef = 4B3E0F2226796A790010F573 /* Assets.xcassets */; };
		4B3E0F3726796A790010F573 /* Assets.xcassets in Resources */ = {isa = PBXBuildFile; fileRef = 4B3E0F2226796A790010F573 /* Assets.xcassets */; };
		4B3E0F4526796D070010F573 /* NetworkView.swift in Sources */ = {isa = PBXBuildFile; fileRef = 4B3E0F4426796D070010F573 /* NetworkView.swift */; };
		4B3E0F4726796DA60010F573 /* NetworkEntryView.swift in Sources */ = {isa = PBXBuildFile; fileRef = 4B3E0F4626796DA60010F573 /* NetworkEntryView.swift */; };
		4B48D4D2267A33DA00CE3DF1 /* AddNetworkView.swift in Sources */ = {isa = PBXBuildFile; fileRef = 4B48D4D1267A33DA00CE3DF1 /* AddNetworkView.swift */; };
		4B48D4D5267A424B00CE3DF1 /* ChannelMessageView.swift in Sources */ = {isa = PBXBuildFile; fileRef = 4B48D4D4267A424B00CE3DF1 /* ChannelMessageView.swift */; };
		4B59317A2679902A00F83507 /* NetworksOverviewView.swift in Sources */ = {isa = PBXBuildFile; fileRef = 4B5931792679902A00F83507 /* NetworksOverviewView.swift */; };
		4B59317C2679953300F83507 /* NetworkSectionHeaderView.swift in Sources */ = {isa = PBXBuildFile; fileRef = 4B59317B2679953300F83507 /* NetworkSectionHeaderView.swift */; };
		4BCE381026798B5400A0A64C /* NetworkModel.swift in Sources */ = {isa = PBXBuildFile; fileRef = 4BCE380F26798B5400A0A64C /* NetworkModel.swift */; };
		4BF8698C267A8E310081D44B /* SettingsView.swift in Sources */ = {isa = PBXBuildFile; fileRef = 4BF8698B267A8E310081D44B /* SettingsView.swift */; };
/* End PBXBuildFile section */

/* Begin PBXFileReference section */
		4B3E0F1F26796A780010F573 /* danshouApp.swift */ = {isa = PBXFileReference; lastKnownFileType = sourcecode.swift; path = danshouApp.swift; sourceTree = "<group>"; };
		4B3E0F2026796A780010F573 /* ContentView.swift */ = {isa = PBXFileReference; lastKnownFileType = sourcecode.swift; path = ContentView.swift; sourceTree = "<group>"; };
		4B3E0F2126796A780010F573 /* Persistence.swift */ = {isa = PBXFileReference; lastKnownFileType = sourcecode.swift; path = Persistence.swift; sourceTree = "<group>"; };
		4B3E0F2226796A790010F573 /* Assets.xcassets */ = {isa = PBXFileReference; lastKnownFileType = folder.assetcatalog; path = Assets.xcassets; sourceTree = "<group>"; };
		4B3E0F2726796A790010F573 /* danshou.app */ = {isa = PBXFileReference; explicitFileType = wrapper.application; includeInIndex = 0; path = danshou.app; sourceTree = BUILT_PRODUCTS_DIR; };
		4B3E0F2D26796A790010F573 /* danshou.app */ = {isa = PBXFileReference; explicitFileType = wrapper.application; includeInIndex = 0; path = danshou.app; sourceTree = BUILT_PRODUCTS_DIR; };
		4B3E0F4126796BC20010F573 /* danshou--macOS--Info.plist */ = {isa = PBXFileReference; lastKnownFileType = text.plist.xml; path = "danshou--macOS--Info.plist"; sourceTree = "<group>"; };
		4B3E0F4426796D070010F573 /* NetworkView.swift */ = {isa = PBXFileReference; lastKnownFileType = sourcecode.swift; path = NetworkView.swift; sourceTree = "<group>"; };
		4B3E0F4626796DA60010F573 /* NetworkEntryView.swift */ = {isa = PBXFileReference; lastKnownFileType = sourcecode.swift; path = NetworkEntryView.swift; sourceTree = "<group>"; };
		4B48D4D1267A33DA00CE3DF1 /* AddNetworkView.swift */ = {isa = PBXFileReference; lastKnownFileType = sourcecode.swift; path = AddNetworkView.swift; sourceTree = "<group>"; };
		4B48D4D4267A424B00CE3DF1 /* ChannelMessageView.swift */ = {isa = PBXFileReference; lastKnownFileType = sourcecode.swift; path = ChannelMessageView.swift; sourceTree = "<group>"; };
		4B5931792679902A00F83507 /* NetworksOverviewView.swift */ = {isa = PBXFileReference; lastKnownFileType = sourcecode.swift; path = NetworksOverviewView.swift; sourceTree = "<group>"; };
		4B59317B2679953300F83507 /* NetworkSectionHeaderView.swift */ = {isa = PBXFileReference; lastKnownFileType = sourcecode.swift; path = NetworkSectionHeaderView.swift; sourceTree = "<group>"; };
		4B59317D2679A8F300F83507 /* danshou--iOS--Info.plist */ = {isa = PBXFileReference; lastKnownFileType = text.plist; path = "danshou--iOS--Info.plist"; sourceTree = "<group>"; };
		4BCE380F26798B5400A0A64C /* NetworkModel.swift */ = {isa = PBXFileReference; lastKnownFileType = sourcecode.swift; path = NetworkModel.swift; sourceTree = "<group>"; };
		4BF8698B267A8E310081D44B /* SettingsView.swift */ = {isa = PBXFileReference; lastKnownFileType = sourcecode.swift; path = SettingsView.swift; sourceTree = "<group>"; };
/* End PBXFileReference section */

/* Begin PBXFrameworksBuildPhase section */
		4B3E0F2426796A790010F573 /* Frameworks */ = {
			isa = PBXFrameworksBuildPhase;
			buildActionMask = 2147483647;
			files = (
			);
			runOnlyForDeploymentPostprocessing = 0;
		};
		4B3E0F2A26796A790010F573 /* Frameworks */ = {
			isa = PBXFrameworksBuildPhase;
			buildActionMask = 2147483647;
			files = (
			);
			runOnlyForDeploymentPostprocessing = 0;
		};
/* End PBXFrameworksBuildPhase section */

/* Begin PBXGroup section */
		4B3E0F1726796A780010F573 = {
			isa = PBXGroup;
			children = (
				4B59317D2679A8F300F83507 /* danshou--iOS--Info.plist */,
				4B3E0F4126796BC20010F573 /* danshou--macOS--Info.plist */,
				4B3E0F1C26796A780010F573 /* Shared */,
				4B3E0F2826796A790010F573 /* Products */,
			);
			sourceTree = "<group>";
		};
		4B3E0F1C26796A780010F573 /* Shared */ = {
			isa = PBXGroup;
			children = (
				4B3E0F4026796B3E0010F573 /* Views */,
				4BCE380E2679897900A0A64C /* Resources */,
				4BCE380B267976DD00A0A64C /* Models */,
				4B3E0F1F26796A780010F573 /* danshouApp.swift */,
				4B3E0F2026796A780010F573 /* ContentView.swift */,
				4B3E0F2126796A780010F573 /* Persistence.swift */,
				4B3E0F2226796A790010F573 /* Assets.xcassets */,
			);
			path = Shared;
			sourceTree = "<group>";
		};
		4B3E0F2826796A790010F573 /* Products */ = {
			isa = PBXGroup;
			children = (
				4B3E0F2726796A790010F573 /* danshou.app */,
				4B3E0F2D26796A790010F573 /* danshou.app */,
			);
			name = Products;
			sourceTree = "<group>";
		};
		4B3E0F4026796B3E0010F573 /* Views */ = {
			isa = PBXGroup;
			children = (
				4B3E0F4226796C080010F573 /* iOS */,
			);
			path = Views;
			sourceTree = "<group>";
		};
		4B3E0F4226796C080010F573 /* iOS */ = {
			isa = PBXGroup;
			children = (
				4BF8698A267A8E1A0081D44B /* General */,
				4B48D4D3267A414B00CE3DF1 /* Channel */,
				4B3E0F4326796CCB0010F573 /* Network */,
			);
			path = iOS;
			sourceTree = "<group>";
		};
		4B3E0F4326796CCB0010F573 /* Network */ = {
			isa = PBXGroup;
			children = (
				4B3E0F4426796D070010F573 /* NetworkView.swift */,
				4B3E0F4626796DA60010F573 /* NetworkEntryView.swift */,
				4B5931792679902A00F83507 /* NetworksOverviewView.swift */,
				4B59317B2679953300F83507 /* NetworkSectionHeaderView.swift */,
				4B48D4D1267A33DA00CE3DF1 /* AddNetworkView.swift */,
			);
			path = Network;
			sourceTree = "<group>";
		};
		4B48D4D3267A414B00CE3DF1 /* Channel */ = {
			isa = PBXGroup;
			children = (
				4B48D4D4267A424B00CE3DF1 /* ChannelMessageView.swift */,
			);
			path = Channel;
			sourceTree = "<group>";
		};
		4BCE380B267976DD00A0A64C /* Models */ = {
			isa = PBXGroup;
			children = (
				4BCE380F26798B5400A0A64C /* NetworkModel.swift */,
			);
			path = Models;
			sourceTree = "<group>";
		};
		4BCE380E2679897900A0A64C /* Resources */ = {
			isa = PBXGroup;
			children = (
			);
			path = Resources;
			sourceTree = "<group>";
		};
		4BF8698A267A8E1A0081D44B /* General */ = {
			isa = PBXGroup;
			children = (
				4BF8698B267A8E310081D44B /* SettingsView.swift */,
			);
			path = General;
			sourceTree = "<group>";
		};
/* End PBXGroup section */

/* Begin PBXNativeTarget section */
		4B3E0F2626796A790010F573 /* danshou (iOS) */ = {
			isa = PBXNativeTarget;
			buildConfigurationList = 4B3E0F3A26796A790010F573 /* Build configuration list for PBXNativeTarget "danshou (iOS)" */;
			buildPhases = (
				4B3E0F2326796A790010F573 /* Sources */,
				4B3E0F2426796A790010F573 /* Frameworks */,
				4B3E0F2526796A790010F573 /* Resources */,
			);
			buildRules = (
			);
			dependencies = (
			);
			name = "danshou (iOS)";
			productName = "dansho (iOS)";
			productReference = 4B3E0F2726796A790010F573 /* danshou.app */;
			productType = "com.apple.product-type.application";
		};
		4B3E0F2C26796A790010F573 /* danshou (macOS) */ = {
			isa = PBXNativeTarget;
			buildConfigurationList = 4B3E0F3D26796A790010F573 /* Build configuration list for PBXNativeTarget "danshou (macOS)" */;
			buildPhases = (
				4B3E0F2926796A790010F573 /* Sources */,
				4B3E0F2A26796A790010F573 /* Frameworks */,
				4B3E0F2B26796A790010F573 /* Resources */,
			);
			buildRules = (
			);
			dependencies = (
			);
			name = "danshou (macOS)";
			productName = "dansho (macOS)";
			productReference = 4B3E0F2D26796A790010F573 /* danshou.app */;
			productType = "com.apple.product-type.application";
		};
/* End PBXNativeTarget section */

/* Begin PBXProject section */
		4B3E0F1826796A780010F573 /* Project object */ = {
			isa = PBXProject;
			attributes = {
				BuildIndependentTargetsInParallel = 1;
				LastSwiftUpdateCheck = 1300;
				LastUpgradeCheck = 1300;
				TargetAttributes = {
					4B3E0F2626796A790010F573 = {
						CreatedOnToolsVersion = 13.0;
					};
					4B3E0F2C26796A790010F573 = {
						CreatedOnToolsVersion = 13.0;
					};
				};
			};
			buildConfigurationList = 4B3E0F1B26796A780010F573 /* Build configuration list for PBXProject "danshou" */;
			compatibilityVersion = "Xcode 13.0";
			developmentRegion = en;
			hasScannedForEncodings = 0;
			knownRegions = (
				en,
				Base,
				ja,
			);
			mainGroup = 4B3E0F1726796A780010F573;
			productRefGroup = 4B3E0F2826796A790010F573 /* Products */;
			projectDirPath = "";
			projectRoot = "";
			targets = (
				4B3E0F2626796A790010F573 /* danshou (iOS) */,
				4B3E0F2C26796A790010F573 /* danshou (macOS) */,
			);
		};
/* End PBXProject section */

/* Begin PBXResourcesBuildPhase section */
		4B3E0F2526796A790010F573 /* Resources */ = {
			isa = PBXResourcesBuildPhase;
			buildActionMask = 2147483647;
			files = (
				4B3E0F3626796A790010F573 /* Assets.xcassets in Resources */,
			);
			runOnlyForDeploymentPostprocessing = 0;
		};
		4B3E0F2B26796A790010F573 /* Resources */ = {
			isa = PBXResourcesBuildPhase;
			buildActionMask = 2147483647;
			files = (
				4B3E0F3726796A790010F573 /* Assets.xcassets in Resources */,
			);
			runOnlyForDeploymentPostprocessing = 0;
		};
/* End PBXResourcesBuildPhase section */

/* Begin PBXSourcesBuildPhase section */
		4B3E0F2326796A790010F573 /* Sources */ = {
			isa = PBXSourcesBuildPhase;
			buildActionMask = 2147483647;
			files = (
				4B59317C2679953300F83507 /* NetworkSectionHeaderView.swift in Sources */,
				4BCE381026798B5400A0A64C /* NetworkModel.swift in Sources */,
				4B3E0F3026796A790010F573 /* danshouApp.swift in Sources */,
				4B3E0F3426796A790010F573 /* Persistence.swift in Sources */,
				4B3E0F4526796D070010F573 /* NetworkView.swift in Sources */,
				4B48D4D2267A33DA00CE3DF1 /* AddNetworkView.swift in Sources */,
				4B59317A2679902A00F83507 /* NetworksOverviewView.swift in Sources */,
				4B48D4D5267A424B00CE3DF1 /* ChannelMessageView.swift in Sources */,
				4B3E0F4726796DA60010F573 /* NetworkEntryView.swift in Sources */,
				4B3E0F3226796A790010F573 /* ContentView.swift in Sources */,
				4BF8698C267A8E310081D44B /* SettingsView.swift in Sources */,
			);
			runOnlyForDeploymentPostprocessing = 0;
		};
		4B3E0F2926796A790010F573 /* Sources */ = {
			isa = PBXSourcesBuildPhase;
			buildActionMask = 2147483647;
			files = (
				4B3E0F3126796A790010F573 /* danshouApp.swift in Sources */,
				4B3E0F3526796A790010F573 /* Persistence.swift in Sources */,
				4B3E0F3326796A790010F573 /* ContentView.swift in Sources */,
			);
			runOnlyForDeploymentPostprocessing = 0;
		};
/* End PBXSourcesBuildPhase section */

/* Begin XCBuildConfiguration section */
		4B3E0F3826796A790010F573 /* Debug */ = {
			isa = XCBuildConfiguration;
			buildSettings = {
				ALWAYS_SEARCH_USER_PATHS = NO;
				CLANG_ANALYZER_NONNULL = YES;
				CLANG_ANALYZER_NUMBER_OBJECT_CONVERSION = YES_AGGRESSIVE;
				CLANG_CXX_LANGUAGE_STANDARD = "gnu++14";
				CLANG_CXX_LIBRARY = "libc++";
				CLANG_ENABLE_MODULES = YES;
				CLANG_ENABLE_OBJC_ARC = YES;
				CLANG_ENABLE_OBJC_WEAK = YES;
				CLANG_WARN_BLOCK_CAPTURE_AUTORELEASING = YES;
				CLANG_WARN_BOOL_CONVERSION = YES;
				CLANG_WARN_COMMA = YES;
				CLANG_WARN_CONSTANT_CONVERSION = YES;
				CLANG_WARN_DEPRECATED_OBJC_IMPLEMENTATIONS = YES;
				CLANG_WARN_DIRECT_OBJC_ISA_USAGE = YES_ERROR;
				CLANG_WARN_DOCUMENTATION_COMMENTS = YES;
				CLANG_WARN_EMPTY_BODY = YES;
				CLANG_WARN_ENUM_CONVERSION = YES;
				CLANG_WARN_INFINITE_RECURSION = YES;
				CLANG_WARN_INT_CONVERSION = YES;
				CLANG_WARN_NON_LITERAL_NULL_CONVERSION = YES;
				CLANG_WARN_OBJC_IMPLICIT_RETAIN_SELF = YES;
				CLANG_WARN_OBJC_LITERAL_CONVERSION = YES;
				CLANG_WARN_OBJC_ROOT_CLASS = YES_ERROR;
				CLANG_WARN_QUOTED_INCLUDE_IN_FRAMEWORK_HEADER = YES;
				CLANG_WARN_RANGE_LOOP_ANALYSIS = YES;
				CLANG_WARN_STRICT_PROTOTYPES = YES;
				CLANG_WARN_SUSPICIOUS_MOVE = YES;
				CLANG_WARN_UNGUARDED_AVAILABILITY = YES_AGGRESSIVE;
				CLANG_WARN_UNREACHABLE_CODE = YES;
				CLANG_WARN__DUPLICATE_METHOD_MATCH = YES;
				COPY_PHASE_STRIP = NO;
				DEBUG_INFORMATION_FORMAT = dwarf;
				ENABLE_STRICT_OBJC_MSGSEND = YES;
				ENABLE_TESTABILITY = YES;
				GCC_C_LANGUAGE_STANDARD = gnu11;
				GCC_DYNAMIC_NO_PIC = NO;
				GCC_NO_COMMON_BLOCKS = YES;
				GCC_OPTIMIZATION_LEVEL = 0;
				GCC_PREPROCESSOR_DEFINITIONS = (
					"DEBUG=1",
					"$(inherited)",
				);
				GCC_WARN_64_TO_32_BIT_CONVERSION = YES;
				GCC_WARN_ABOUT_RETURN_TYPE = YES_ERROR;
				GCC_WARN_UNDECLARED_SELECTOR = YES;
				GCC_WARN_UNINITIALIZED_AUTOS = YES_AGGRESSIVE;
				GCC_WARN_UNUSED_FUNCTION = YES;
				GCC_WARN_UNUSED_VARIABLE = YES;
				MTL_ENABLE_DEBUG_INFO = INCLUDE_SOURCE;
				MTL_FAST_MATH = YES;
				ONLY_ACTIVE_ARCH = YES;
				SWIFT_ACTIVE_COMPILATION_CONDITIONS = DEBUG;
				SWIFT_OPTIMIZATION_LEVEL = "-Onone";
			};
			name = Debug;
		};
		4B3E0F3926796A790010F573 /* Release */ = {
			isa = XCBuildConfiguration;
			buildSettings = {
				ALWAYS_SEARCH_USER_PATHS = NO;
				CLANG_ANALYZER_NONNULL = YES;
				CLANG_ANALYZER_NUMBER_OBJECT_CONVERSION = YES_AGGRESSIVE;
				CLANG_CXX_LANGUAGE_STANDARD = "gnu++14";
				CLANG_CXX_LIBRARY = "libc++";
				CLANG_ENABLE_MODULES = YES;
				CLANG_ENABLE_OBJC_ARC = YES;
				CLANG_ENABLE_OBJC_WEAK = YES;
				CLANG_WARN_BLOCK_CAPTURE_AUTORELEASING = YES;
				CLANG_WARN_BOOL_CONVERSION = YES;
				CLANG_WARN_COMMA = YES;
				CLANG_WARN_CONSTANT_CONVERSION = YES;
				CLANG_WARN_DEPRECATED_OBJC_IMPLEMENTATIONS = YES;
				CLANG_WARN_DIRECT_OBJC_ISA_USAGE = YES_ERROR;
				CLANG_WARN_DOCUMENTATION_COMMENTS = YES;
				CLANG_WARN_EMPTY_BODY = YES;
				CLANG_WARN_ENUM_CONVERSION = YES;
				CLANG_WARN_INFINITE_RECURSION = YES;
				CLANG_WARN_INT_CONVERSION = YES;
				CLANG_WARN_NON_LITERAL_NULL_CONVERSION = YES;
				CLANG_WARN_OBJC_IMPLICIT_RETAIN_SELF = YES;
				CLANG_WARN_OBJC_LITERAL_CONVERSION = YES;
				CLANG_WARN_OBJC_ROOT_CLASS = YES_ERROR;
				CLANG_WARN_QUOTED_INCLUDE_IN_FRAMEWORK_HEADER = YES;
				CLANG_WARN_RANGE_LOOP_ANALYSIS = YES;
				CLANG_WARN_STRICT_PROTOTYPES = YES;
				CLANG_WARN_SUSPICIOUS_MOVE = YES;
				CLANG_WARN_UNGUARDED_AVAILABILITY = YES_AGGRESSIVE;
				CLANG_WARN_UNREACHABLE_CODE = YES;
				CLANG_WARN__DUPLICATE_METHOD_MATCH = YES;
				COPY_PHASE_STRIP = NO;
				DEBUG_INFORMATION_FORMAT = "dwarf-with-dsym";
				ENABLE_NS_ASSERTIONS = NO;
				ENABLE_STRICT_OBJC_MSGSEND = YES;
				GCC_C_LANGUAGE_STANDARD = gnu11;
				GCC_NO_COMMON_BLOCKS = YES;
				GCC_WARN_64_TO_32_BIT_CONVERSION = YES;
				GCC_WARN_ABOUT_RETURN_TYPE = YES_ERROR;
				GCC_WARN_UNDECLARED_SELECTOR = YES;
				GCC_WARN_UNINITIALIZED_AUTOS = YES_AGGRESSIVE;
				GCC_WARN_UNUSED_FUNCTION = YES;
				GCC_WARN_UNUSED_VARIABLE = YES;
				MTL_ENABLE_DEBUG_INFO = NO;
				MTL_FAST_MATH = YES;
				SWIFT_COMPILATION_MODE = wholemodule;
				SWIFT_OPTIMIZATION_LEVEL = "-O";
			};
			name = Release;
		};
		4B3E0F3B26796A790010F573 /* Debug */ = {
			isa = XCBuildConfiguration;
			buildSettings = {
				ASSETCATALOG_COMPILER_APPICON_NAME = AppIcon;
				ASSETCATALOG_COMPILER_GLOBAL_ACCENT_COLOR_NAME = AccentColor;
				CODE_SIGN_STYLE = Automatic;
				CURRENT_PROJECT_VERSION = 1;
				DEVELOPMENT_TEAM = UYPY43BUFP;
				ENABLE_PREVIEWS = YES;
				GENERATE_INFOPLIST_FILE = YES;
				INFOPLIST_FILE = "danshou--iOS--Info.plist";
				INFOPLIST_KEY_CFBundleDisplayName = Danshou;
				INFOPLIST_KEY_CFBundleExecutable = danshou;
				INFOPLIST_KEY_CFBundleName = danshou;
				INFOPLIST_KEY_CFBundleVersion = 1;
				INFOPLIST_KEY_UIApplicationSceneManifest_Generation = YES;
				INFOPLIST_KEY_UIApplicationSupportsIndirectInputEvents = YES;
				INFOPLIST_KEY_UILaunchScreen_Generation = YES;
				INFOPLIST_KEY_UISupportedInterfaceOrientations_iPad = "UIInterfaceOrientationPortrait UIInterfaceOrientationPortraitUpsideDown UIInterfaceOrientationLandscapeLeft UIInterfaceOrientationLandscapeRight";
				INFOPLIST_KEY_UISupportedInterfaceOrientations_iPhone = "UIInterfaceOrientationPortrait UIInterfaceOrientationLandscapeLeft UIInterfaceOrientationLandscapeRight";
				IPHONEOS_DEPLOYMENT_TARGET = 14.0;
				LD_RUNPATH_SEARCH_PATHS = (
					"$(inherited)",
					"@executable_path/Frameworks",
				);
				MARKETING_VERSION = 1.0;
				PRODUCT_BUNDLE_IDENTIFIER = moe.waifupaste.danshou;
				PRODUCT_NAME = danshou;
				SDKROOT = iphoneos;
				SWIFT_EMIT_LOC_STRINGS = YES;
				SWIFT_VERSION = 5.0;
				TARGETED_DEVICE_FAMILY = "1,2";
			};
			name = Debug;
		};
		4B3E0F3C26796A790010F573 /* Release */ = {
			isa = XCBuildConfiguration;
			buildSettings = {
				ASSETCATALOG_COMPILER_APPICON_NAME = AppIcon;
				ASSETCATALOG_COMPILER_GLOBAL_ACCENT_COLOR_NAME = AccentColor;
				CODE_SIGN_STYLE = Automatic;
				CURRENT_PROJECT_VERSION = 1;
				DEVELOPMENT_TEAM = UYPY43BUFP;
				ENABLE_PREVIEWS = YES;
				GENERATE_INFOPLIST_FILE = YES;
				INFOPLIST_FILE = "danshou--iOS--Info.plist";
				INFOPLIST_KEY_CFBundleDisplayName = Danshou;
				INFOPLIST_KEY_CFBundleExecutable = danshou;
				INFOPLIST_KEY_CFBundleName = danshou;
				INFOPLIST_KEY_CFBundleVersion = 1;
				INFOPLIST_KEY_UIApplicationSceneManifest_Generation = YES;
				INFOPLIST_KEY_UIApplicationSupportsIndirectInputEvents = YES;
				INFOPLIST_KEY_UILaunchScreen_Generation = YES;
				INFOPLIST_KEY_UISupportedInterfaceOrientations_iPad = "UIInterfaceOrientationPortrait UIInterfaceOrientationPortraitUpsideDown UIInterfaceOrientationLandscapeLeft UIInterfaceOrientationLandscapeRight";
				INFOPLIST_KEY_UISupportedInterfaceOrientations_iPhone = "UIInterfaceOrientationPortrait UIInterfaceOrientationLandscapeLeft UIInterfaceOrientationLandscapeRight";
				IPHONEOS_DEPLOYMENT_TARGET = 14.0;
				LD_RUNPATH_SEARCH_PATHS = (
					"$(inherited)",
					"@executable_path/Frameworks",
				);
				MARKETING_VERSION = 1.0;
				PRODUCT_BUNDLE_IDENTIFIER = moe.waifupaste.danshou;
				PRODUCT_NAME = danshou;
				SDKROOT = iphoneos;
				SWIFT_EMIT_LOC_STRINGS = YES;
				SWIFT_VERSION = 5.0;
				TARGETED_DEVICE_FAMILY = "1,2";
				VALIDATE_PRODUCT = YES;
			};
			name = Release;
		};
		4B3E0F3E26796A790010F573 /* Debug */ = {
			isa = XCBuildConfiguration;
			buildSettings = {
				ASSETCATALOG_COMPILER_APPICON_NAME = AppIcon;
				ASSETCATALOG_COMPILER_GLOBAL_ACCENT_COLOR_NAME = AccentColor;
				CODE_SIGN_STYLE = Automatic;
				COMBINE_HIDPI_IMAGES = YES;
				CURRENT_PROJECT_VERSION = 1;
				DEVELOPMENT_TEAM = UYPY43BUFP;
				ENABLE_APP_SANDBOX = YES;
				ENABLE_HARDENED_RUNTIME = YES;
				ENABLE_PREVIEWS = YES;
				ENABLE_USER_SELECTED_FILES = readonly;
				GENERATE_INFOPLIST_FILE = YES;
				INFOPLIST_FILE = "danshou--macOS--Info.plist";
				INFOPLIST_KEY_CFBundleExecutable = danshou;
				INFOPLIST_KEY_CFBundleName = dansho;
				INFOPLIST_KEY_CFBundleVersion = 1;
				INFOPLIST_KEY_NSHumanReadableCopyright = "";
				LD_RUNPATH_SEARCH_PATHS = (
					"$(inherited)",
					"@executable_path/../Frameworks",
				);
				MACOSX_DEPLOYMENT_TARGET = 11.0;
				MARKETING_VERSION = 1.0;
				PRODUCT_BUNDLE_IDENTIFIER = moe.waifupaste.danshou;
				PRODUCT_NAME = danshou;
				SDKROOT = macosx;
				SWIFT_EMIT_LOC_STRINGS = YES;
				SWIFT_VERSION = 5.0;
			};
			name = Debug;
		};
		4B3E0F3F26796A790010F573 /* Release */ = {
			isa = XCBuildConfiguration;
			buildSettings = {
				ASSETCATALOG_COMPILER_APPICON_NAME = AppIcon;
				ASSETCATALOG_COMPILER_GLOBAL_ACCENT_COLOR_NAME = AccentColor;
				CODE_SIGN_STYLE = Automatic;
				COMBINE_HIDPI_IMAGES = YES;
				CURRENT_PROJECT_VERSION = 1;
				DEVELOPMENT_TEAM = UYPY43BUFP;
				ENABLE_APP_SANDBOX = YES;
				ENABLE_HARDENED_RUNTIME = YES;
				ENABLE_PREVIEWS = YES;
				ENABLE_USER_SELECTED_FILES = readonly;
				GENERATE_INFOPLIST_FILE = YES;
				INFOPLIST_FILE = "danshou--macOS--Info.plist";
				INFOPLIST_KEY_CFBundleExecutable = danshou;
				INFOPLIST_KEY_CFBundleName = dansho;
				INFOPLIST_KEY_CFBundleVersion = 1;
				INFOPLIST_KEY_NSHumanReadableCopyright = "";
				LD_RUNPATH_SEARCH_PATHS = (
					"$(inherited)",
					"@executable_path/../Frameworks",
				);
				MACOSX_DEPLOYMENT_TARGET = 11.0;
				MARKETING_VERSION = 1.0;
				PRODUCT_BUNDLE_IDENTIFIER = moe.waifupaste.danshou;
				PRODUCT_NAME = danshou;
				SDKROOT = macosx;
				SWIFT_EMIT_LOC_STRINGS = YES;
				SWIFT_VERSION = 5.0;
			};
			name = Release;
		};
/* End XCBuildConfiguration section */

/* Begin XCConfigurationList section */
		4B3E0F1B26796A780010F573 /* Build configuration list for PBXProject "danshou" */ = {
			isa = XCConfigurationList;
			buildConfigurations = (
				4B3E0F3826796A790010F573 /* Debug */,
				4B3E0F3926796A790010F573 /* Release */,
			);
			defaultConfigurationIsVisible = 0;
			defaultConfigurationName = Release;
		};
		4B3E0F3A26796A790010F573 /* Build configuration list for PBXNativeTarget "danshou (iOS)" */ = {
			isa = XCConfigurationList;
			buildConfigurations = (
				4B3E0F3B26796A790010F573 /* Debug */,
				4B3E0F3C26796A790010F573 /* Release */,
			);
			defaultConfigurationIsVisible = 0;
			defaultConfigurationName = Release;
		};
		4B3E0F3D26796A790010F573 /* Build configuration list for PBXNativeTarget "danshou (macOS)" */ = {
			isa = XCConfigurationList;
			buildConfigurations = (
				4B3E0F3E26796A790010F573 /* Debug */,
				4B3E0F3F26796A790010F573 /* Release */,
			);
			defaultConfigurationIsVisible = 0;
			defaultConfigurationName = Release;
		};
/* End XCConfigurationList section */
	};
	rootObject = 4B3E0F1826796A780010F573 /* Project object */;
}
